
Microsoft Visual Studio Solution File, Format Version 12.00
# Visual Studio Version 16
VisualStudioVersion = 16.0.29411.108
MinimumVisualStudioVersion = 10.0.40219.1
Project("{9A19103F-16F7-4668-BE54-9A1E7A4F7556}") = "ZomatoApp", "ZomatoApp.csproj", "{400FFA38-ED4D-42AF-AEBC-0AA4113017A3}"
EndProject
Global
	GlobalSection(SolutionConfigurationPlatforms) = preSolution
		Debug|Any CPU = Debug|Any CPU
		Release|Any CPU = Release|Any CPU
	EndGlobalSection
	GlobalSection(ProjectConfigurationPlatforms) = postSolution
		{400FFA38-ED4D-42AF-AEBC-0AA4113017A3}.Debug|Any CPU.ActiveCfg = Debug|Any CPU
		{400FFA38-ED4D-42AF-AEBC-0AA4113017A3}.Debug|Any CPU.Build.0 = Debug|Any CPU
		{400FFA38-ED4D-42AF-AEBC-0AA4113017A3}.Release|Any CPU.ActiveCfg = Release|Any CPU
		{400FFA38-ED4D-42AF-AEBC-0AA4113017A3}.Release|Any CPU.Build.0 = Release|Any CPU
	EndGlobalSection
	GlobalSection(SolutionProperties) = preSolution
		HideSolutionNode = FALSE
	EndGlobalSection
	GlobalSection(ExtensibilityGlobals) = postSolution
		SolutionGuid = {CB5858F2-F21A-413B-B489-A1F7EA8F2682}
	EndGlobalSection
EndGlobal
