
Microsoft Visual Studio Solution File, Format Version 12.00
# Visual Studio Version 16
VisualStudioVersion = 16.0.31729.503
MinimumVisualStudioVersion = 10.0.40219.1
Project("{FAE04EC0-301F-11D3-BF4B-00C04F79EFBC}") = "EFDemoWeb", "EFDemoWeb\EFDemoWeb.csproj", "{EFD095E5-6AFD-491E-89DF-1C152D52B0AE}"
EndProject
Project("{FAE04EC0-301F-11D3-BF4B-00C04F79EFBC}") = "EFDataAccessLibrary", "EFDataAccessLibrary\EFDataAccessLibrary.csproj", "{FD4B7D7E-1E60-4C74-9107-2F6124222B27}"
EndProject
Global
	GlobalSection(SolutionConfigurationPlatforms) = preSolution
		Debug|Any CPU = Debug|Any CPU
		Release|Any CPU = Release|Any CPU
	EndGlobalSection
	GlobalSection(ProjectConfigurationPlatforms) = postSolution
		{EFD095E5-6AFD-491E-89DF-1C152D52B0AE}.Debug|Any CPU.ActiveCfg = Debug|Any CPU
		{EFD095E5-6AFD-491E-89DF-1C152D52B0AE}.Debug|Any CPU.Build.0 = Debug|Any CPU
		{EFD095E5-6AFD-491E-89DF-1C152D52B0AE}.Release|Any CPU.ActiveCfg = Release|Any CPU
		{EFD095E5-6AFD-491E-89DF-1C152D52B0AE}.Release|Any CPU.Build.0 = Release|Any CPU
		{FD4B7D7E-1E60-4C74-9107-2F6124222B27}.Debug|Any CPU.ActiveCfg = Debug|Any CPU
		{FD4B7D7E-1E60-4C74-9107-2F6124222B27}.Debug|Any CPU.Build.0 = Debug|Any CPU
		{FD4B7D7E-1E60-4C74-9107-2F6124222B27}.Release|Any CPU.ActiveCfg = Release|Any CPU
		{FD4B7D7E-1E60-4C74-9107-2F6124222B27}.Release|Any CPU.Build.0 = Release|Any CPU
	EndGlobalSection
	GlobalSection(SolutionProperties) = preSolution
		HideSolutionNode = FALSE
	EndGlobalSection
	GlobalSection(ExtensibilityGlobals) = postSolution
		SolutionGuid = {9EA75EF6-C7CC-4CBE-9931-2AF589550540}
	EndGlobalSection
EndGlobal
