
Microsoft Visual Studio Solution File, Format Version 12.00
# Visual Studio Version 16
VisualStudioVersion = 16.0.31729.503
MinimumVisualStudioVersion = 10.0.40219.1
Project("{FAE04EC0-301F-11D3-BF4B-00C04F79EFBC}") = "ToyCompany.API", "ToyCompany.API\ToyCompany.API.csproj", "{57B7A4E9-5340-4FB0-868D-0C85EE122D28}"
EndProject
Global
	GlobalSection(SolutionConfigurationPlatforms) = preSolution
		Debug|Any CPU = Debug|Any CPU
		Release|Any CPU = Release|Any CPU
	EndGlobalSection
	GlobalSection(ProjectConfigurationPlatforms) = postSolution
		{57B7A4E9-5340-4FB0-868D-0C85EE122D28}.Debug|Any CPU.ActiveCfg = Debug|Any CPU
		{57B7A4E9-5340-4FB0-868D-0C85EE122D28}.Debug|Any CPU.Build.0 = Debug|Any CPU
		{57B7A4E9-5340-4FB0-868D-0C85EE122D28}.Release|Any CPU.ActiveCfg = Release|Any CPU
		{57B7A4E9-5340-4FB0-868D-0C85EE122D28}.Release|Any CPU.Build.0 = Release|Any CPU
	EndGlobalSection
	GlobalSection(SolutionProperties) = preSolution
		HideSolutionNode = FALSE
	EndGlobalSection
	GlobalSection(ExtensibilityGlobals) = postSolution
		SolutionGuid = {088BA755-5434-4EBD-AAB0-C1358EDE62F8}
	EndGlobalSection
EndGlobal
