
Microsoft Visual Studio Solution File, Format Version 12.00
# Visual Studio Version 16
VisualStudioVersion = 16.0.31829.152
MinimumVisualStudioVersion = 10.0.40219.1
Project("{9A19103F-16F7-4668-BE54-9A1E7A4F7556}") = "CharityAPI", "Charity\CharityAPI.csproj", "{4F6F5F32-46AE-4A6F-8B27-3A1C352E441E}"
EndProject
Global
	GlobalSection(SolutionConfigurationPlatforms) = preSolution
		Debug|Any CPU = Debug|Any CPU
		Release|Any CPU = Release|Any CPU
	EndGlobalSection
	GlobalSection(ProjectConfigurationPlatforms) = postSolution
		{4F6F5F32-46AE-4A6F-8B27-3A1C352E441E}.Debug|Any CPU.ActiveCfg = Debug|Any CPU
		{4F6F5F32-46AE-4A6F-8B27-3A1C352E441E}.Debug|Any CPU.Build.0 = Debug|Any CPU
		{4F6F5F32-46AE-4A6F-8B27-3A1C352E441E}.Release|Any CPU.ActiveCfg = Release|Any CPU
		{4F6F5F32-46AE-4A6F-8B27-3A1C352E441E}.Release|Any CPU.Build.0 = Release|Any CPU
	EndGlobalSection
	GlobalSection(SolutionProperties) = preSolution
		HideSolutionNode = FALSE
	EndGlobalSection
	GlobalSection(ExtensibilityGlobals) = postSolution
		SolutionGuid = {83754333-10D9-4E37-ADFA-61B3F70182CA}
	EndGlobalSection
EndGlobal
