
Microsoft Visual Studio Solution File, Format Version 12.00
# Visual Studio Version 16
VisualStudioVersion = 16.0.31729.503
MinimumVisualStudioVersion = 10.0.40219.1
Project("{FAE04EC0-301F-11D3-BF4B-00C04F79EFBC}") = "EmployeeAPI", "EmployeeAPI\EmployeeAPI.csproj", "{08040647-0088-48B1-B668-C1C5C0C0E0B0}"
EndProject
Global
	GlobalSection(SolutionConfigurationPlatforms) = preSolution
		Debug|Any CPU = Debug|Any CPU
		Release|Any CPU = Release|Any CPU
	EndGlobalSection
	GlobalSection(ProjectConfigurationPlatforms) = postSolution
		{08040647-0088-48B1-B668-C1C5C0C0E0B0}.Debug|Any CPU.ActiveCfg = Debug|Any CPU
		{08040647-0088-48B1-B668-C1C5C0C0E0B0}.Debug|Any CPU.Build.0 = Debug|Any CPU
		{08040647-0088-48B1-B668-C1C5C0C0E0B0}.Release|Any CPU.ActiveCfg = Release|Any CPU
		{08040647-0088-48B1-B668-C1C5C0C0E0B0}.Release|Any CPU.Build.0 = Release|Any CPU
	EndGlobalSection
	GlobalSection(SolutionProperties) = preSolution
		HideSolutionNode = FALSE
	EndGlobalSection
	GlobalSection(ExtensibilityGlobals) = postSolution
		SolutionGuid = {AAD0898A-5002-4C99-8231-4C959B8C3A9E}
	EndGlobalSection
EndGlobal
